{
  "originHash" : "1c88c15f1585b8095879ad898caf6e693e861690415e8a107951e00da9a8ee28",
  "pins" : [
    {
      "identity" : "audiokit",
      "kind" : "remoteSourceControl",
      "location" : "https://github.com/AudioKit/AudioKit.git",
      "state" : {
        "revision" : "2ebd422855e4645d3169f83d1765d1c8196b4f46",
        "version" : "5.6.4"
      }
    },
    {
      "identity" : "audiokitex",
      "kind" : "remoteSourceControl",
      "location" : "https://github.com/AudioKit/AudioKitEX",
      "state" : {
        "revision" : "23e8e3bffd9fbc1dffa72f1d47c7f714dd777288",
        "version" : "5.6.2"
      }
    },
    {
      "identity" : "kissfft",
      "kind" : "remoteSourceControl",
      "location" : "https://github.com/AudioKit/KissFFT",
      "state" : {
        "revision" : "dd0636e151724b8ba2e0908eba4d99a6ff24d00c",
        "version" : "1.0.0"
      }
    },
    {
      "identity" : "musictheory",
      "kind" : "remoteSourceControl",
      "location" : "https://github.com/cemolcay/MusicTheory.git",
      "state" : {
        "revision" : "ce9ecb92eb5c6b47583c58ce4de20ce6fe9aae5d",
        "version" : "1.6.0"
      }
    },
    {
      "identity" : "swiftentrykit",
      "kind" : "remoteSourceControl",
      "location" : "https://github.com/huri000/SwiftEntryKit",
      "state" : {
        "revision" : "5ad36cccf0c4b9fea32f4e9b17a8e38f07563ef0",
        "version" : "2.0.0"
      }
    },
    {
      "identity" : "tonic",
      "kind" : "remoteSourceControl",
      "location" : "https://github.com/AudioKit/Tonic.git",
      "state" : {
        "revision" : "8f103c6765af93bc1d2c3e18eb35f02718b0613d",
        "version" : "2.0.0"
      }
    }
  ],
  "version" : 3
}
