// !$*UTF8*$!
{
	archiveVersion = 1;
	classes = {
	};
	objectVersion = 70;
	objects = {

/* Begin PBXBuildFile section */
		8D13C51A2E29BB9A00B6649F /* PianoKeyboard in Frameworks */ = {isa = PBXBuildFile; productRef = 8D13C5192E29BB9A00B6649F /* PianoKeyboard */; };
		8D17BF2A2E36EB5E0056C2BE /* PatchSelectorViewController.swift in Sources */ = {isa = PBXBuildFile; fileRef = 8D17BF292E36EB5A0056C2BE /* PatchSelectorViewController.swift */; };
		8D199A9A2C190F6300BD63A8 /* AppDelegate.swift in Sources */ = {isa = PBXBuildFile; fileRef = 8D199A992C190F6300BD63A8 /* AppDelegate.swift */; };
		8D199A9E2C190F6300BD63A8 /* FaceTrackerViewController.swift in Sources */ = {isa = PBXBuildFile; fileRef = 8D199A9D2C190F6300BD63A8 /* FaceTrackerViewController.swift */; };
		8D199AA12C190F6300BD63A8 /* Base in Resources */ = {isa = PBXBuildFile; fileRef = 8D199AA02C190F6300BD63A8 /* Base */; };
		8D199AA32C190F6400BD63A8 /* Assets.xcassets in Resources */ = {isa = PBXBuildFile; fileRef = 8D199AA22C190F6400BD63A8 /* Assets.xcassets */; };
		8D199AA62C190F6400BD63A8 /* Base in Resources */ = {isa = PBXBuildFile; fileRef = 8D199AA52C190F6400BD63A8 /* Base */; };
		8D199AB02C190F6400BD63A8 /* FaceMusicTests.swift in Sources */ = {isa = PBXBuildFile; fileRef = 8D199AAF2C190F6400BD63A8 /* FaceMusicTests.swift */; };
		8D199ABA2C190F6400BD63A8 /* FaceMusicUITests.swift in Sources */ = {isa = PBXBuildFile; fileRef = 8D199AB92C190F6400BD63A8 /* FaceMusicUITests.swift */; };
		8D199ABC2C190F6400BD63A8 /* FaceMusicUITestsLaunchTests.swift in Sources */ = {isa = PBXBuildFile; fileRef = 8D199ABB2C190F6400BD63A8 /* FaceMusicUITestsLaunchTests.swift */; };
		8D199ACA2C190FD500BD63A8 /* AudioKit in Frameworks */ = {isa = PBXBuildFile; productRef = 8D199AC92C190FD500BD63A8 /* AudioKit */; };
		8D897DFE2E2959010045F72F /* VoiceSettingsViewController.swift in Sources */ = {isa = PBXBuildFile; fileRef = 8D897DFD2E2958570045F72F /* VoiceSettingsViewController.swift */; };
		8DCC213F2C19372B00225D5F /* VirtualContent.swift in Sources */ = {isa = PBXBuildFile; fileRef = 8DCC213E2C19372B00225D5F /* VirtualContent.swift */; };
		8DCC21412C19373C00225D5F /* TexturedFace.swift in Sources */ = {isa = PBXBuildFile; fileRef = 8DCC21402C19373C00225D5F /* TexturedFace.swift */; };
		8DCEDA8C2E25D1A100565677 /* AudioKitUI in Frameworks */ = {isa = PBXBuildFile; productRef = 8DCEDA8B2E25D1A100565677 /* AudioKitUI */; };
		8DD9D14E2D29DC3E008C418E /* AppSettings.swift in Sources */ = {isa = PBXBuildFile; fileRef = 8DD9D14C2D29DC3B008C418E /* AppSettings.swift */; };
		8DEBE5932D262C40004F4EDD /* SwiftEntryKit in Frameworks */ = {isa = PBXBuildFile; productRef = 8DEBE5922D262C40004F4EDD /* SwiftEntryKit */; };
		8DEBE5972D262CBE004F4EDD /* NoteSettingsViewController.swift in Sources */ = {isa = PBXBuildFile; fileRef = 8DEBE5962D262CBE004F4EDD /* NoteSettingsViewController.swift */; };
		8DECF9222E34040500D05F8D /* UIHelpers.swift in Sources */ = {isa = PBXBuildFile; fileRef = 8DECF9212E34040300D05F8D /* UIHelpers.swift */; };
		8DECF9272E3578B400D05F8D /* AnyCodable in Frameworks */ = {isa = PBXBuildFile; productRef = 8DECF9262E3578B400D05F8D /* AnyCodable */; };
		8DF0276D2E170D3C00B1CD6A /* SoundpipeAudioKit in Frameworks */ = {isa = PBXBuildFile; productRef = 8DF0276C2E170D3C00B1CD6A /* SoundpipeAudioKit */; };
/* End PBXBuildFile section */

/* Begin PBXContainerItemProxy section */
		8D199AAC2C190F6400BD63A8 /* PBXContainerItemProxy */ = {
			isa = PBXContainerItemProxy;
			containerPortal = 8D199A8E2C190F6300BD63A8 /* Project object */;
			proxyType = 1;
			remoteGlobalIDString = 8D199A952C190F6300BD63A8;
			remoteInfo = FaceMusic;
		};
		8D199AB62C190F6400BD63A8 /* PBXContainerItemProxy */ = {
			isa = PBXContainerItemProxy;
			containerPortal = 8D199A8E2C190F6300BD63A8 /* Project object */;
			proxyType = 1;
			remoteGlobalIDString = 8D199A952C190F6300BD63A8;
			remoteInfo = FaceMusic;
		};
/* End PBXContainerItemProxy section */

/* Begin PBXFileReference section */
		8D17BF292E36EB5A0056C2BE /* PatchSelectorViewController.swift */ = {isa = PBXFileReference; lastKnownFileType = sourcecode.swift; path = PatchSelectorViewController.swift; sourceTree = "<group>"; };
		8D199A962C190F6300BD63A8 /* FaceMusic.app */ = {isa = PBXFileReference; explicitFileType = wrapper.application; includeInIndex = 0; path = FaceMusic.app; sourceTree = BUILT_PRODUCTS_DIR; };
		8D199A992C190F6300BD63A8 /* AppDelegate.swift */ = {isa = PBXFileReference; lastKnownFileType = sourcecode.swift; path = AppDelegate.swift; sourceTree = "<group>"; };
		8D199A9D2C190F6300BD63A8 /* FaceTrackerViewController.swift */ = {isa = PBXFileReference; lastKnownFileType = sourcecode.swift; path = FaceTrackerViewController.swift; sourceTree = "<group>"; };
		8D199AA02C190F6300BD63A8 /* Base */ = {isa = PBXFileReference; lastKnownFileType = file.storyboard; name = Base; path = Base.lproj/Main.storyboard; sourceTree = "<group>"; };
		8D199AA22C190F6400BD63A8 /* Assets.xcassets */ = {isa = PBXFileReference; lastKnownFileType = folder.assetcatalog; path = Assets.xcassets; sourceTree = "<group>"; };
		8D199AA52C190F6400BD63A8 /* Base */ = {isa = PBXFileReference; lastKnownFileType = file.storyboard; name = Base; path = Base.lproj/LaunchScreen.storyboard; sourceTree = "<group>"; };
		8D199AAB2C190F6400BD63A8 /* FaceMusicTests.xctest */ = {isa = PBXFileReference; explicitFileType = wrapper.cfbundle; includeInIndex = 0; path = FaceMusicTests.xctest; sourceTree = BUILT_PRODUCTS_DIR; };
		8D199AAF2C190F6400BD63A8 /* FaceMusicTests.swift */ = {isa = PBXFileReference; lastKnownFileType = sourcecode.swift; path = FaceMusicTests.swift; sourceTree = "<group>"; };
		8D199AB52C190F6400BD63A8 /* FaceMusicUITests.xctest */ = {isa = PBXFileReference; explicitFileType = wrapper.cfbundle; includeInIndex = 0; path = FaceMusicUITests.xctest; sourceTree = BUILT_PRODUCTS_DIR; };
		8D199AB92C190F6400BD63A8 /* FaceMusicUITests.swift */ = {isa = PBXFileReference; lastKnownFileType = sourcecode.swift; path = FaceMusicUITests.swift; sourceTree = "<group>"; };
		8D199ABB2C190F6400BD63A8 /* FaceMusicUITestsLaunchTests.swift */ = {isa = PBXFileReference; lastKnownFileType = sourcecode.swift; path = FaceMusicUITestsLaunchTests.swift; sourceTree = "<group>"; };
		8D897DFD2E2958570045F72F /* VoiceSettingsViewController.swift */ = {isa = PBXFileReference; lastKnownFileType = sourcecode.swift; path = VoiceSettingsViewController.swift; sourceTree = "<group>"; };
		8DCC213E2C19372B00225D5F /* VirtualContent.swift */ = {isa = PBXFileReference; fileEncoding = 4; lastKnownFileType = sourcecode.swift; path = VirtualContent.swift; sourceTree = "<group>"; };
		8DCC21402C19373C00225D5F /* TexturedFace.swift */ = {isa = PBXFileReference; fileEncoding = 4; lastKnownFileType = sourcecode.swift; path = TexturedFace.swift; sourceTree = "<group>"; };
		8DD9D14C2D29DC3B008C418E /* AppSettings.swift */ = {isa = PBXFileReference; lastKnownFileType = sourcecode.swift; path = AppSettings.swift; sourceTree = "<group>"; };
		8DEBE5962D262CBE004F4EDD /* NoteSettingsViewController.swift */ = {isa = PBXFileReference; lastKnownFileType = sourcecode.swift; path = NoteSettingsViewController.swift; sourceTree = "<group>"; };
		8DECF9212E34040300D05F8D /* UIHelpers.swift */ = {isa = PBXFileReference; lastKnownFileType = sourcecode.swift; path = UIHelpers.swift; sourceTree = "<group>"; };
/* End PBXFileReference section */

/* Begin PBXFileSystemSynchronizedRootGroup section */
		8DEBE57B2D236C31004F4EDD /* Models */ = {isa = PBXFileSystemSynchronizedRootGroup; explicitFileTypes = {}; explicitFolders = (); path = Models; sourceTree = "<group>"; };
/* End PBXFileSystemSynchronizedRootGroup section */

/* Begin PBXFrameworksBuildPhase section */
		8D199A932C190F6300BD63A8 /* Frameworks */ = {
			isa = PBXFrameworksBuildPhase;
			buildActionMask = 2147483647;
			files = (
				8DF0276D2E170D3C00B1CD6A /* SoundpipeAudioKit in Frameworks */,
				8D199ACA2C190FD500BD63A8 /* AudioKit in Frameworks */,
				8DEBE5932D262C40004F4EDD /* SwiftEntryKit in Frameworks */,
				8DECF9272E3578B400D05F8D /* AnyCodable in Frameworks */,
				8DCEDA8C2E25D1A100565677 /* AudioKitUI in Frameworks */,
				8D13C51A2E29BB9A00B6649F /* PianoKeyboard in Frameworks */,
			);
			runOnlyForDeploymentPostprocessing = 0;
		};
		8D199AA82C190F6400BD63A8 /* Frameworks */ = {
			isa = PBXFrameworksBuildPhase;
			buildActionMask = 2147483647;
			files = (
			);
			runOnlyForDeploymentPostprocessing = 0;
		};
		8D199AB22C190F6400BD63A8 /* Frameworks */ = {
			isa = PBXFrameworksBuildPhase;
			buildActionMask = 2147483647;
			files = (
			);
			runOnlyForDeploymentPostprocessing = 0;
		};
/* End PBXFrameworksBuildPhase section */

/* Begin PBXGroup section */
		8D199A8D2C190F6300BD63A8 = {
			isa = PBXGroup;
			children = (
				8D199A982C190F6300BD63A8 /* FaceMusic */,
				8D199AAE2C190F6400BD63A8 /* FaceMusicTests */,
				8D199AB82C190F6400BD63A8 /* FaceMusicUITests */,
				8D199A972C190F6300BD63A8 /* Products */,
			);
			sourceTree = "<group>";
		};
		8D199A972C190F6300BD63A8 /* Products */ = {
			isa = PBXGroup;
			children = (
				8D199A962C190F6300BD63A8 /* FaceMusic.app */,
				8D199AAB2C190F6400BD63A8 /* FaceMusicTests.xctest */,
				8D199AB52C190F6400BD63A8 /* FaceMusicUITests.xctest */,
			);
			name = Products;
			sourceTree = "<group>";
		};
		8D199A982C190F6300BD63A8 /* FaceMusic */ = {
			isa = PBXGroup;
			children = (
				8D199A992C190F6300BD63A8 /* AppDelegate.swift */,
				8DD9D14C2D29DC3B008C418E /* AppSettings.swift */,
				8DEBE57B2D236C31004F4EDD /* Models */,
				8D199ACB2C19202200BD63A8 /* Views */,
				8D199ACC2C19202D00BD63A8 /* Controllers */,
				8DCC213D2C19371200225D5F /* Face Overlay Content */,
				8D199AA22C190F6400BD63A8 /* Assets.xcassets */,
				8D199AA42C190F6400BD63A8 /* LaunchScreen.storyboard */,
			);
			path = FaceMusic;
			sourceTree = "<group>";
		};
		8D199AAE2C190F6400BD63A8 /* FaceMusicTests */ = {
			isa = PBXGroup;
			children = (
				8D199AAF2C190F6400BD63A8 /* FaceMusicTests.swift */,
			);
			path = FaceMusicTests;
			sourceTree = "<group>";
		};
		8D199AB82C190F6400BD63A8 /* FaceMusicUITests */ = {
			isa = PBXGroup;
			children = (
				8D199AB92C190F6400BD63A8 /* FaceMusicUITests.swift */,
				8D199ABB2C190F6400BD63A8 /* FaceMusicUITestsLaunchTests.swift */,
			);
			path = FaceMusicUITests;
			sourceTree = "<group>";
		};
		8D199ACB2C19202200BD63A8 /* Views */ = {
			isa = PBXGroup;
			children = (
				8D199A9F2C190F6300BD63A8 /* Main.storyboard */,
			);
			path = Views;
			sourceTree = "<group>";
		};
		8D199ACC2C19202D00BD63A8 /* Controllers */ = {
			isa = PBXGroup;
			children = (
				8D17BF292E36EB5A0056C2BE /* PatchSelectorViewController.swift */,
				8DEBE5962D262CBE004F4EDD /* NoteSettingsViewController.swift */,
				8DECF9212E34040300D05F8D /* UIHelpers.swift */,
				8D897DFD2E2958570045F72F /* VoiceSettingsViewController.swift */,
				8D199A9D2C190F6300BD63A8 /* FaceTrackerViewController.swift */,
			);
			path = Controllers;
			sourceTree = "<group>";
		};
		8DCC213D2C19371200225D5F /* Face Overlay Content */ = {
			isa = PBXGroup;
			children = (
				8DCC213E2C19372B00225D5F /* VirtualContent.swift */,
				8DCC21402C19373C00225D5F /* TexturedFace.swift */,
			);
			path = "Face Overlay Content";
			sourceTree = "<group>";
		};
/* End PBXGroup section */

/* Begin PBXNativeTarget section */
		8D199A952C190F6300BD63A8 /* FaceMusic */ = {
			isa = PBXNativeTarget;
			buildConfigurationList = 8D199ABF2C190F6400BD63A8 /* Build configuration list for PBXNativeTarget "FaceMusic" */;
			buildPhases = (
				8D199A922C190F6300BD63A8 /* Sources */,
				8D199A932C190F6300BD63A8 /* Frameworks */,
				8D199A942C190F6300BD63A8 /* Resources */,
			);
			buildRules = (
			);
			dependencies = (
			);
			fileSystemSynchronizedGroups = (
				8DEBE57B2D236C31004F4EDD /* Models */,
			);
			name = FaceMusic;
			packageProductDependencies = (
				8D199AC92C190FD500BD63A8 /* AudioKit */,
				8DEBE5922D262C40004F4EDD /* SwiftEntryKit */,
				8DF0276C2E170D3C00B1CD6A /* SoundpipeAudioKit */,
				8DCEDA8B2E25D1A100565677 /* AudioKitUI */,
				8D13C5192E29BB9A00B6649F /* PianoKeyboard */,
				8DECF9262E3578B400D05F8D /* AnyCodable */,
			);
			productName = FaceMusic;
			productReference = 8D199A962C190F6300BD63A8 /* FaceMusic.app */;
			productType = "com.apple.product-type.application";
		};
		8D199AAA2C190F6400BD63A8 /* FaceMusicTests */ = {
			isa = PBXNativeTarget;
			buildConfigurationList = 8D199AC22C190F6400BD63A8 /* Build configuration list for PBXNativeTarget "FaceMusicTests" */;
			buildPhases = (
				8D199AA72C190F6400BD63A8 /* Sources */,
				8D199AA82C190F6400BD63A8 /* Frameworks */,
				8D199AA92C190F6400BD63A8 /* Resources */,
			);
			buildRules = (
			);
			dependencies = (
				8D199AAD2C190F6400BD63A8 /* PBXTargetDependency */,
			);
			name = FaceMusicTests;
			productName = FaceMusicTests;
			productReference = 8D199AAB2C190F6400BD63A8 /* FaceMusicTests.xctest */;
			productType = "com.apple.product-type.bundle.unit-test";
		};
		8D199AB42C190F6400BD63A8 /* FaceMusicUITests */ = {
			isa = PBXNativeTarget;
			buildConfigurationList = 8D199AC52C190F6400BD63A8 /* Build configuration list for PBXNativeTarget "FaceMusicUITests" */;
			buildPhases = (
				8D199AB12C190F6400BD63A8 /* Sources */,
				8D199AB22C190F6400BD63A8 /* Frameworks */,
				8D199AB32C190F6400BD63A8 /* Resources */,
			);
			buildRules = (
			);
			dependencies = (
				8D199AB72C190F6400BD63A8 /* PBXTargetDependency */,
			);
			name = FaceMusicUITests;
			productName = FaceMusicUITests;
			productReference = 8D199AB52C190F6400BD63A8 /* FaceMusicUITests.xctest */;
			productType = "com.apple.product-type.bundle.ui-testing";
		};
/* End PBXNativeTarget section */

/* Begin PBXProject section */
		8D199A8E2C190F6300BD63A8 /* Project object */ = {
			isa = PBXProject;
			attributes = {
				BuildIndependentTargetsInParallel = 1;
				LastSwiftUpdateCheck = 1540;
				LastUpgradeCheck = 1620;
				TargetAttributes = {
					8D199A952C190F6300BD63A8 = {
						CreatedOnToolsVersion = 15.4;
					};
					8D199AAA2C190F6400BD63A8 = {
						CreatedOnToolsVersion = 15.4;
						TestTargetID = 8D199A952C190F6300BD63A8;
					};
					8D199AB42C190F6400BD63A8 = {
						CreatedOnToolsVersion = 15.4;
						TestTargetID = 8D199A952C190F6300BD63A8;
					};
				};
			};
			buildConfigurationList = 8D199A912C190F6300BD63A8 /* Build configuration list for PBXProject "FaceMusic" */;
			compatibilityVersion = "Xcode 14.0";
			developmentRegion = en;
			hasScannedForEncodings = 0;
			knownRegions = (
				en,
				Base,
			);
			mainGroup = 8D199A8D2C190F6300BD63A8;
			packageReferences = (
				8D199AC82C190FD500BD63A8 /* XCRemoteSwiftPackageReference "AudioKit" */,
				8DEBE5912D262C40004F4EDD /* XCRemoteSwiftPackageReference "SwiftEntryKit" */,
				8DF0276B2E170D3C00B1CD6A /* XCLocalSwiftPackageReference "../../SoundpipeAudioKit/SoundpipeAudioKit" */,
				8DCEDA8A2E25D1A100565677 /* XCRemoteSwiftPackageReference "AudioKitUI" */,
				8D13C5182E29BB9A00B6649F /* XCRemoteSwiftPackageReference "PianoKeyboard" */,
				8DECF9252E3578B400D05F8D /* XCRemoteSwiftPackageReference "AnyCodable" */,
			);
			productRefGroup = 8D199A972C190F6300BD63A8 /* Products */;
			projectDirPath = "";
			projectRoot = "";
			targets = (
				8D199A952C190F6300BD63A8 /* FaceMusic */,
				8D199AAA2C190F6400BD63A8 /* FaceMusicTests */,
				8D199AB42C190F6400BD63A8 /* FaceMusicUITests */,
			);
		};
/* End PBXProject section */

/* Begin PBXResourcesBuildPhase section */
		8D199A942C190F6300BD63A8 /* Resources */ = {
			isa = PBXResourcesBuildPhase;
			buildActionMask = 2147483647;
			files = (
				8D199AA32C190F6400BD63A8 /* Assets.xcassets in Resources */,
				8D199AA12C190F6300BD63A8 /* Base in Resources */,
				8D199AA62C190F6400BD63A8 /* Base in Resources */,
			);
			runOnlyForDeploymentPostprocessing = 0;
		};
		8D199AA92C190F6400BD63A8 /* Resources */ = {
			isa = PBXResourcesBuildPhase;
			buildActionMask = 2147483647;
			files = (
			);
			runOnlyForDeploymentPostprocessing = 0;
		};
		8D199AB32C190F6400BD63A8 /* Resources */ = {
			isa = PBXResourcesBuildPhase;
			buildActionMask = 2147483647;
			files = (
			);
			runOnlyForDeploymentPostprocessing = 0;
		};
/* End PBXResourcesBuildPhase section */

/* Begin PBXSourcesBuildPhase section */
		8D199A922C190F6300BD63A8 /* Sources */ = {
			isa = PBXSourcesBuildPhase;
			buildActionMask = 2147483647;
			files = (
				8D199A9E2C190F6300BD63A8 /* FaceTrackerViewController.swift in Sources */,
				8D17BF2A2E36EB5E0056C2BE /* PatchSelectorViewController.swift in Sources */,
				8DCC21412C19373C00225D5F /* TexturedFace.swift in Sources */,
				8DECF9222E34040500D05F8D /* UIHelpers.swift in Sources */,
				8D897DFE2E2959010045F72F /* VoiceSettingsViewController.swift in Sources */,
				8DD9D14E2D29DC3E008C418E /* AppSettings.swift in Sources */,
				8D199A9A2C190F6300BD63A8 /* AppDelegate.swift in Sources */,
				8DCC213F2C19372B00225D5F /* VirtualContent.swift in Sources */,
				8DEBE5972D262CBE004F4EDD /* NoteSettingsViewController.swift in Sources */,
			);
			runOnlyForDeploymentPostprocessing = 0;
		};
		8D199AA72C190F6400BD63A8 /* Sources */ = {
			isa = PBXSourcesBuildPhase;
			buildActionMask = 2147483647;
			files = (
				8D199AB02C190F6400BD63A8 /* FaceMusicTests.swift in Sources */,
			);
			runOnlyForDeploymentPostprocessing = 0;
		};
		8D199AB12C190F6400BD63A8 /* Sources */ = {
			isa = PBXSourcesBuildPhase;
			buildActionMask = 2147483647;
			files = (
				8D199ABA2C190F6400BD63A8 /* FaceMusicUITests.swift in Sources */,
				8D199ABC2C190F6400BD63A8 /* FaceMusicUITestsLaunchTests.swift in Sources */,
			);
			runOnlyForDeploymentPostprocessing = 0;
		};
/* End PBXSourcesBuildPhase section */

/* Begin PBXTargetDependency section */
		8D199AAD2C190F6400BD63A8 /* PBXTargetDependency */ = {
			isa = PBXTargetDependency;
			target = 8D199A952C190F6300BD63A8 /* FaceMusic */;
			targetProxy = 8D199AAC2C190F6400BD63A8 /* PBXContainerItemProxy */;
		};
		8D199AB72C190F6400BD63A8 /* PBXTargetDependency */ = {
			isa = PBXTargetDependency;
			target = 8D199A952C190F6300BD63A8 /* FaceMusic */;
			targetProxy = 8D199AB62C190F6400BD63A8 /* PBXContainerItemProxy */;
		};
/* End PBXTargetDependency section */

/* Begin PBXVariantGroup section */
		8D199A9F2C190F6300BD63A8 /* Main.storyboard */ = {
			isa = PBXVariantGroup;
			children = (
				8D199AA02C190F6300BD63A8 /* Base */,
			);
			name = Main.storyboard;
			sourceTree = "<group>";
		};
		8D199AA42C190F6400BD63A8 /* LaunchScreen.storyboard */ = {
			isa = PBXVariantGroup;
			children = (
				8D199AA52C190F6400BD63A8 /* Base */,
			);
			name = LaunchScreen.storyboard;
			sourceTree = "<group>";
		};
/* End PBXVariantGroup section */

/* Begin XCBuildConfiguration section */
		8D199ABD2C190F6400BD63A8 /* Debug */ = {
			isa = XCBuildConfiguration;
			buildSettings = {
				ALWAYS_SEARCH_USER_PATHS = NO;
				ASSETCATALOG_COMPILER_GENERATE_SWIFT_ASSET_SYMBOL_EXTENSIONS = YES;
				CLANG_ANALYZER_NONNULL = YES;
				CLANG_ANALYZER_NUMBER_OBJECT_CONVERSION = YES_AGGRESSIVE;
				CLANG_CXX_LANGUAGE_STANDARD = "gnu++20";
				CLANG_ENABLE_MODULES = YES;
				CLANG_ENABLE_OBJC_ARC = YES;
				CLANG_ENABLE_OBJC_WEAK = YES;
				CLANG_WARN_BLOCK_CAPTURE_AUTORELEASING = YES;
				CLANG_WARN_BOOL_CONVERSION = YES;
				CLANG_WARN_COMMA = YES;
				CLANG_WARN_CONSTANT_CONVERSION = YES;
				CLANG_WARN_DEPRECATED_OBJC_IMPLEMENTATIONS = YES;
				CLANG_WARN_DIRECT_OBJC_ISA_USAGE = YES_ERROR;
				CLANG_WARN_DOCUMENTATION_COMMENTS = YES;
				CLANG_WARN_EMPTY_BODY = YES;
				CLANG_WARN_ENUM_CONVERSION = YES;
				CLANG_WARN_INFINITE_RECURSION = YES;
				CLANG_WARN_INT_CONVERSION = YES;
				CLANG_WARN_NON_LITERAL_NULL_CONVERSION = YES;
				CLANG_WARN_OBJC_IMPLICIT_RETAIN_SELF = YES;
				CLANG_WARN_OBJC_LITERAL_CONVERSION = YES;
				CLANG_WARN_OBJC_ROOT_CLASS = YES_ERROR;
				CLANG_WARN_QUOTED_INCLUDE_IN_FRAMEWORK_HEADER = YES;
				CLANG_WARN_RANGE_LOOP_ANALYSIS = YES;
				CLANG_WARN_STRICT_PROTOTYPES = YES;
				CLANG_WARN_SUSPICIOUS_MOVE = YES;
				CLANG_WARN_UNGUARDED_AVAILABILITY = YES_AGGRESSIVE;
				CLANG_WARN_UNREACHABLE_CODE = YES;
				CLANG_WARN__DUPLICATE_METHOD_MATCH = YES;
				COPY_PHASE_STRIP = NO;
				DEBUG_INFORMATION_FORMAT = dwarf;
				ENABLE_STRICT_OBJC_MSGSEND = YES;
				ENABLE_TESTABILITY = YES;
				ENABLE_USER_SCRIPT_SANDBOXING = YES;
				GCC_C_LANGUAGE_STANDARD = gnu17;
				GCC_DYNAMIC_NO_PIC = NO;
				GCC_NO_COMMON_BLOCKS = YES;
				GCC_OPTIMIZATION_LEVEL = 0;
				GCC_PREPROCESSOR_DEFINITIONS = (
					"DEBUG=1",
					"$(inherited)",
				);
				GCC_WARN_64_TO_32_BIT_CONVERSION = YES;
				GCC_WARN_ABOUT_RETURN_TYPE = YES_ERROR;
				GCC_WARN_UNDECLARED_SELECTOR = YES;
				GCC_WARN_UNINITIALIZED_AUTOS = YES_AGGRESSIVE;
				GCC_WARN_UNUSED_FUNCTION = YES;
				GCC_WARN_UNUSED_VARIABLE = YES;
				IPHONEOS_DEPLOYMENT_TARGET = 17.5;
				LOCALIZATION_PREFERS_STRING_CATALOGS = YES;
				MTL_ENABLE_DEBUG_INFO = INCLUDE_SOURCE;
				MTL_FAST_MATH = YES;
				ONLY_ACTIVE_ARCH = YES;
				SDKROOT = iphoneos;
				SWIFT_ACTIVE_COMPILATION_CONDITIONS = "DEBUG $(inherited)";
				SWIFT_OPTIMIZATION_LEVEL = "-Onone";
			};
			name = Debug;
		};
		8D199ABE2C190F6400BD63A8 /* Release */ = {
			isa = XCBuildConfiguration;
			buildSettings = {
				ALWAYS_SEARCH_USER_PATHS = NO;
				ASSETCATALOG_COMPILER_GENERATE_SWIFT_ASSET_SYMBOL_EXTENSIONS = YES;
				CLANG_ANALYZER_NONNULL = YES;
				CLANG_ANALYZER_NUMBER_OBJECT_CONVERSION = YES_AGGRESSIVE;
				CLANG_CXX_LANGUAGE_STANDARD = "gnu++20";
				CLANG_ENABLE_MODULES = YES;
				CLANG_ENABLE_OBJC_ARC = YES;
				CLANG_ENABLE_OBJC_WEAK = YES;
				CLANG_WARN_BLOCK_CAPTURE_AUTORELEASING = YES;
				CLANG_WARN_BOOL_CONVERSION = YES;
				CLANG_WARN_COMMA = YES;
				CLANG_WARN_CONSTANT_CONVERSION = YES;
				CLANG_WARN_DEPRECATED_OBJC_IMPLEMENTATIONS = YES;
				CLANG_WARN_DIRECT_OBJC_ISA_USAGE = YES_ERROR;
				CLANG_WARN_DOCUMENTATION_COMMENTS = YES;
				CLANG_WARN_EMPTY_BODY = YES;
				CLANG_WARN_ENUM_CONVERSION = YES;
				CLANG_WARN_INFINITE_RECURSION = YES;
				CLANG_WARN_INT_CONVERSION = YES;
				CLANG_WARN_NON_LITERAL_NULL_CONVERSION = YES;
				CLANG_WARN_OBJC_IMPLICIT_RETAIN_SELF = YES;
				CLANG_WARN_OBJC_LITERAL_CONVERSION = YES;
				CLANG_WARN_OBJC_ROOT_CLASS = YES_ERROR;
				CLANG_WARN_QUOTED_INCLUDE_IN_FRAMEWORK_HEADER = YES;
				CLANG_WARN_RANGE_LOOP_ANALYSIS = YES;
				CLANG_WARN_STRICT_PROTOTYPES = YES;
				CLANG_WARN_SUSPICIOUS_MOVE = YES;
				CLANG_WARN_UNGUARDED_AVAILABILITY = YES_AGGRESSIVE;
				CLANG_WARN_UNREACHABLE_CODE = YES;
				CLANG_WARN__DUPLICATE_METHOD_MATCH = YES;
				COPY_PHASE_STRIP = NO;
				DEBUG_INFORMATION_FORMAT = "dwarf-with-dsym";
				ENABLE_NS_ASSERTIONS = NO;
				ENABLE_STRICT_OBJC_MSGSEND = YES;
				ENABLE_USER_SCRIPT_SANDBOXING = YES;
				GCC_C_LANGUAGE_STANDARD = gnu17;
				GCC_NO_COMMON_BLOCKS = YES;
				GCC_WARN_64_TO_32_BIT_CONVERSION = YES;
				GCC_WARN_ABOUT_RETURN_TYPE = YES_ERROR;
				GCC_WARN_UNDECLARED_SELECTOR = YES;
				GCC_WARN_UNINITIALIZED_AUTOS = YES_AGGRESSIVE;
				GCC_WARN_UNUSED_FUNCTION = YES;
				GCC_WARN_UNUSED_VARIABLE = YES;
				IPHONEOS_DEPLOYMENT_TARGET = 17.5;
				LOCALIZATION_PREFERS_STRING_CATALOGS = YES;
				MTL_ENABLE_DEBUG_INFO = NO;
				MTL_FAST_MATH = YES;
				SDKROOT = iphoneos;
				SWIFT_COMPILATION_MODE = wholemodule;
				VALIDATE_PRODUCT = YES;
			};
			name = Release;
		};
		8D199AC02C190F6400BD63A8 /* Debug */ = {
			isa = XCBuildConfiguration;
			buildSettings = {
				ASSETCATALOG_COMPILER_APPICON_NAME = AppIcon;
				ASSETCATALOG_COMPILER_GLOBAL_ACCENT_COLOR_NAME = AccentColor;
				ASSETCATALOG_COMPILER_INCLUDE_ALL_APPICON_ASSETS = NO;
				CODE_SIGN_STYLE = Automatic;
				CURRENT_PROJECT_VERSION = 1;
				DEVELOPMENT_TEAM = MTVA5Y5HB2;
				GENERATE_INFOPLIST_FILE = YES;
				INFOPLIST_KEY_NSCameraUsageDescription = "";
				INFOPLIST_KEY_UIApplicationSupportsIndirectInputEvents = YES;
				INFOPLIST_KEY_UILaunchStoryboardName = LaunchScreen.storyboard;
				INFOPLIST_KEY_UIMainStoryboardFile = Main;
				INFOPLIST_KEY_UIRequiredDeviceCapabilities = arkit;
				INFOPLIST_KEY_UIStatusBarHidden = YES;
				INFOPLIST_KEY_UISupportedInterfaceOrientations_iPad = "UIInterfaceOrientationPortrait UIInterfaceOrientationPortraitUpsideDown UIInterfaceOrientationLandscapeLeft UIInterfaceOrientationLandscapeRight";
				INFOPLIST_KEY_UISupportedInterfaceOrientations_iPhone = "UIInterfaceOrientationPortrait UIInterfaceOrientationLandscapeLeft UIInterfaceOrientationLandscapeRight";
				LD_RUNPATH_SEARCH_PATHS = (
					"$(inherited)",
					"@executable_path/Frameworks",
				);
				MARKETING_VERSION = 1.0;
				PRODUCT_BUNDLE_IDENTIFIER = com.RyanRoss.FaceMusic;
				PRODUCT_NAME = "$(TARGET_NAME)";
				SWIFT_EMIT_LOC_STRINGS = YES;
				SWIFT_VERSION = 5.0;
				TARGETED_DEVICE_FAMILY = "1,2";
			};
			name = Debug;
		};
		8D199AC12C190F6400BD63A8 /* Release */ = {
			isa = XCBuildConfiguration;
			buildSettings = {
				ASSETCATALOG_COMPILER_APPICON_NAME = AppIcon;
				ASSETCATALOG_COMPILER_GLOBAL_ACCENT_COLOR_NAME = AccentColor;
				ASSETCATALOG_COMPILER_INCLUDE_ALL_APPICON_ASSETS = NO;
				CODE_SIGN_STYLE = Automatic;
				CURRENT_PROJECT_VERSION = 1;
				DEVELOPMENT_TEAM = MTVA5Y5HB2;
				GENERATE_INFOPLIST_FILE = YES;
				INFOPLIST_KEY_NSCameraUsageDescription = "";
				INFOPLIST_KEY_UIApplicationSupportsIndirectInputEvents = YES;
				INFOPLIST_KEY_UILaunchStoryboardName = LaunchScreen.storyboard;
				INFOPLIST_KEY_UIMainStoryboardFile = Main;
				INFOPLIST_KEY_UIRequiredDeviceCapabilities = arkit;
				INFOPLIST_KEY_UIStatusBarHidden = YES;
				INFOPLIST_KEY_UISupportedInterfaceOrientations_iPad = "UIInterfaceOrientationPortrait UIInterfaceOrientationPortraitUpsideDown UIInterfaceOrientationLandscapeLeft UIInterfaceOrientationLandscapeRight";
				INFOPLIST_KEY_UISupportedInterfaceOrientations_iPhone = "UIInterfaceOrientationPortrait UIInterfaceOrientationLandscapeLeft UIInterfaceOrientationLandscapeRight";
				LD_RUNPATH_SEARCH_PATHS = (
					"$(inherited)",
					"@executable_path/Frameworks",
				);
				MARKETING_VERSION = 1.0;
				PRODUCT_BUNDLE_IDENTIFIER = com.RyanRoss.FaceMusic;
				PRODUCT_NAME = "$(TARGET_NAME)";
				SWIFT_EMIT_LOC_STRINGS = YES;
				SWIFT_VERSION = 5.0;
				TARGETED_DEVICE_FAMILY = "1,2";
			};
			name = Release;
		};
		8D199AC32C190F6400BD63A8 /* Debug */ = {
			isa = XCBuildConfiguration;
			buildSettings = {
				BUNDLE_LOADER = "$(TEST_HOST)";
				CODE_SIGN_STYLE = Automatic;
				CURRENT_PROJECT_VERSION = 1;
				DEVELOPMENT_TEAM = MTVA5Y5HB2;
				GENERATE_INFOPLIST_FILE = YES;
				IPHONEOS_DEPLOYMENT_TARGET = 17.5;
				MARKETING_VERSION = 1.0;
				PRODUCT_BUNDLE_IDENTIFIER = com.RyanRoss.FaceMusicTests;
				PRODUCT_NAME = "$(TARGET_NAME)";
				SWIFT_EMIT_LOC_STRINGS = NO;
				SWIFT_VERSION = 5.0;
				TARGETED_DEVICE_FAMILY = "1,2";
				TEST_HOST = "$(BUILT_PRODUCTS_DIR)/FaceMusic.app/$(BUNDLE_EXECUTABLE_FOLDER_PATH)/FaceMusic";
			};
			name = Debug;
		};
		8D199AC42C190F6400BD63A8 /* Release */ = {
			isa = XCBuildConfiguration;
			buildSettings = {
				BUNDLE_LOADER = "$(TEST_HOST)";
				CODE_SIGN_STYLE = Automatic;
				CURRENT_PROJECT_VERSION = 1;
				DEVELOPMENT_TEAM = MTVA5Y5HB2;
				GENERATE_INFOPLIST_FILE = YES;
				IPHONEOS_DEPLOYMENT_TARGET = 17.5;
				MARKETING_VERSION = 1.0;
				PRODUCT_BUNDLE_IDENTIFIER = com.RyanRoss.FaceMusicTests;
				PRODUCT_NAME = "$(TARGET_NAME)";
				SWIFT_EMIT_LOC_STRINGS = NO;
				SWIFT_VERSION = 5.0;
				TARGETED_DEVICE_FAMILY = "1,2";
				TEST_HOST = "$(BUILT_PRODUCTS_DIR)/FaceMusic.app/$(BUNDLE_EXECUTABLE_FOLDER_PATH)/FaceMusic";
			};
			name = Release;
		};
		8D199AC62C190F6400BD63A8 /* Debug */ = {
			isa = XCBuildConfiguration;
			buildSettings = {
				CODE_SIGN_STYLE = Automatic;
				CURRENT_PROJECT_VERSION = 1;
				DEVELOPMENT_TEAM = MTVA5Y5HB2;
				GENERATE_INFOPLIST_FILE = YES;
				MARKETING_VERSION = 1.0;
				PRODUCT_BUNDLE_IDENTIFIER = com.RyanRoss.FaceMusicUITests;
				PRODUCT_NAME = "$(TARGET_NAME)";
				SWIFT_EMIT_LOC_STRINGS = NO;
				SWIFT_VERSION = 5.0;
				TARGETED_DEVICE_FAMILY = "1,2";
				TEST_TARGET_NAME = FaceMusic;
			};
			name = Debug;
		};
		8D199AC72C190F6400BD63A8 /* Release */ = {
			isa = XCBuildConfiguration;
			buildSettings = {
				CODE_SIGN_STYLE = Automatic;
				CURRENT_PROJECT_VERSION = 1;
				DEVELOPMENT_TEAM = MTVA5Y5HB2;
				GENERATE_INFOPLIST_FILE = YES;
				MARKETING_VERSION = 1.0;
				PRODUCT_BUNDLE_IDENTIFIER = com.RyanRoss.FaceMusicUITests;
				PRODUCT_NAME = "$(TARGET_NAME)";
				SWIFT_EMIT_LOC_STRINGS = NO;
				SWIFT_VERSION = 5.0;
				TARGETED_DEVICE_FAMILY = "1,2";
				TEST_TARGET_NAME = FaceMusic;
			};
			name = Release;
		};
/* End XCBuildConfiguration section */

/* Begin XCConfigurationList section */
		8D199A912C190F6300BD63A8 /* Build configuration list for PBXProject "FaceMusic" */ = {
			isa = XCConfigurationList;
			buildConfigurations = (
				8D199ABD2C190F6400BD63A8 /* Debug */,
				8D199ABE2C190F6400BD63A8 /* Release */,
			);
			defaultConfigurationIsVisible = 0;
			defaultConfigurationName = Release;
		};
		8D199ABF2C190F6400BD63A8 /* Build configuration list for PBXNativeTarget "FaceMusic" */ = {
			isa = XCConfigurationList;
			buildConfigurations = (
				8D199AC02C190F6400BD63A8 /* Debug */,
				8D199AC12C190F6400BD63A8 /* Release */,
			);
			defaultConfigurationIsVisible = 0;
			defaultConfigurationName = Release;
		};
		8D199AC22C190F6400BD63A8 /* Build configuration list for PBXNativeTarget "FaceMusicTests" */ = {
			isa = XCConfigurationList;
			buildConfigurations = (
				8D199AC32C190F6400BD63A8 /* Debug */,
				8D199AC42C190F6400BD63A8 /* Release */,
			);
			defaultConfigurationIsVisible = 0;
			defaultConfigurationName = Release;
		};
		8D199AC52C190F6400BD63A8 /* Build configuration list for PBXNativeTarget "FaceMusicUITests" */ = {
			isa = XCConfigurationList;
			buildConfigurations = (
				8D199AC62C190F6400BD63A8 /* Debug */,
				8D199AC72C190F6400BD63A8 /* Release */,
			);
			defaultConfigurationIsVisible = 0;
			defaultConfigurationName = Release;
		};
/* End XCConfigurationList section */

/* Begin XCLocalSwiftPackageReference section */
		8DF0276B2E170D3C00B1CD6A /* XCLocalSwiftPackageReference "../../SoundpipeAudioKit/SoundpipeAudioKit" */ = {
			isa = XCLocalSwiftPackageReference;
			relativePath = ../../SoundpipeAudioKit/SoundpipeAudioKit;
		};
/* End XCLocalSwiftPackageReference section */

/* Begin XCRemoteSwiftPackageReference section */
		8D13C5182E29BB9A00B6649F /* XCRemoteSwiftPackageReference "PianoKeyboard" */ = {
			isa = XCRemoteSwiftPackageReference;
			repositoryURL = "https://github.com/garynewby/PianoKeyboard.git";
			requirement = {
				branch = uikit;
				kind = branch;
			};
		};
		8D199AC82C190FD500BD63A8 /* XCRemoteSwiftPackageReference "AudioKit" */ = {
			isa = XCRemoteSwiftPackageReference;
			repositoryURL = "https://github.com/AudioKit/AudioKit.git";
			requirement = {
				kind = upToNextMajorVersion;
				minimumVersion = 5.6.4;
			};
		};
		8DCEDA8A2E25D1A100565677 /* XCRemoteSwiftPackageReference "AudioKitUI" */ = {
			isa = XCRemoteSwiftPackageReference;
			repositoryURL = "https://github.com/AudioKit/AudioKitUI.git";
			requirement = {
				kind = upToNextMajorVersion;
				minimumVersion = 0.3.7;
			};
		};
		8DEBE5912D262C40004F4EDD /* XCRemoteSwiftPackageReference "SwiftEntryKit" */ = {
			isa = XCRemoteSwiftPackageReference;
			repositoryURL = "https://github.com/huri000/SwiftEntryKit";
			requirement = {
				kind = upToNextMajorVersion;
				minimumVersion = 2.0.0;
			};
		};
		8DECF9252E3578B400D05F8D /* XCRemoteSwiftPackageReference "AnyCodable" */ = {
			isa = XCRemoteSwiftPackageReference;
			repositoryURL = "https://github.com/Flight-School/AnyCodable.git";
			requirement = {
				kind = upToNextMajorVersion;
				minimumVersion = 0.6.7;
			};
		};
/* End XCRemoteSwiftPackageReference section */

/* Begin XCSwiftPackageProductDependency section */
		8D13C5192E29BB9A00B6649F /* PianoKeyboard */ = {
			isa = XCSwiftPackageProductDependency;
			package = 8D13C5182E29BB9A00B6649F /* XCRemoteSwiftPackageReference "PianoKeyboard" */;
			productName = PianoKeyboard;
		};
		8D199AC92C190FD500BD63A8 /* AudioKit */ = {
			isa = XCSwiftPackageProductDependency;
			package = 8D199AC82C190FD500BD63A8 /* XCRemoteSwiftPackageReference "AudioKit" */;
			productName = AudioKit;
		};
		8DCEDA8B2E25D1A100565677 /* AudioKitUI */ = {
			isa = XCSwiftPackageProductDependency;
			package = 8DCEDA8A2E25D1A100565677 /* XCRemoteSwiftPackageReference "AudioKitUI" */;
			productName = AudioKitUI;
		};
		8DEBE5922D262C40004F4EDD /* SwiftEntryKit */ = {
			isa = XCSwiftPackageProductDependency;
			package = 8DEBE5912D262C40004F4EDD /* XCRemoteSwiftPackageReference "SwiftEntryKit" */;
			productName = SwiftEntryKit;
		};
		8DECF9262E3578B400D05F8D /* AnyCodable */ = {
			isa = XCSwiftPackageProductDependency;
			package = 8DECF9252E3578B400D05F8D /* XCRemoteSwiftPackageReference "AnyCodable" */;
			productName = AnyCodable;
		};
		8DF0276C2E170D3C00B1CD6A /* SoundpipeAudioKit */ = {
			isa = XCSwiftPackageProductDependency;
			productName = SoundpipeAudioKit;
		};
/* End XCSwiftPackageProductDependency section */
	};
	rootObject = 8D199A8E2C190F6300BD63A8 /* Project object */;
}
